
Microsoft Visual Studio Solution File, Format Version 12.00
# Visual Studio Version 16
VisualStudioVersion = 16.0.31424.327
MinimumVisualStudioVersion = 10.0.40219.1
Project("{FAE04EC0-301F-11D3-BF4B-00C04F79EFBC}") = "navVista", "NavegadorPrototipo\navVista.csproj", "{1B292D28-5CE1-486B-BE80-294BF13D1A29}"
EndProject
Project("{FAE04EC0-301F-11D3-BF4B-00C04F79EFBC}") = "navControlador", "navControlador\navControlador.csproj", "{CCEE7615-6BDC-4DCE-A4B5-B4839FDD5F0B}"
EndProject
Project("{FAE04EC0-301F-11D3-BF4B-00C04F79EFBC}") = "navModelo", "navModelo\navModelo.csproj", "{19E6505E-B76A-42FE-B4BA-79DB3F105A07}"
EndProject
Global
	GlobalSection(SolutionConfigurationPlatforms) = preSolution
		Debug|Any CPU = Debug|Any CPU
		Release|Any CPU = Release|Any CPU
	EndGlobalSection
	GlobalSection(ProjectConfigurationPlatforms) = postSolution
		{1B292D28-5CE1-486B-BE80-294BF13D1A29}.Debug|Any CPU.ActiveCfg = Debug|Any CPU
		{1B292D28-5CE1-486B-BE80-294BF13D1A29}.Debug|Any CPU.Build.0 = Debug|Any CPU
		{1B292D28-5CE1-486B-BE80-294BF13D1A29}.Release|Any CPU.ActiveCfg = Release|Any CPU
		{1B292D28-5CE1-486B-BE80-294BF13D1A29}.Release|Any CPU.Build.0 = Release|Any CPU
		{CCEE7615-6BDC-4DCE-A4B5-B4839FDD5F0B}.Debug|Any CPU.ActiveCfg = Debug|Any CPU
		{CCEE7615-6BDC-4DCE-A4B5-B4839FDD5F0B}.Debug|Any CPU.Build.0 = Debug|Any CPU
		{CCEE7615-6BDC-4DCE-A4B5-B4839FDD5F0B}.Release|Any CPU.ActiveCfg = Release|Any CPU
		{CCEE7615-6BDC-4DCE-A4B5-B4839FDD5F0B}.Release|Any CPU.Build.0 = Release|Any CPU
		{19E6505E-B76A-42FE-B4BA-79DB3F105A07}.Debug|Any CPU.ActiveCfg = Debug|Any CPU
		{19E6505E-B76A-42FE-B4BA-79DB3F105A07}.Debug|Any CPU.Build.0 = Debug|Any CPU
		{19E6505E-B76A-42FE-B4BA-79DB3F105A07}.Release|Any CPU.ActiveCfg = Release|Any CPU
		{19E6505E-B76A-42FE-B4BA-79DB3F105A07}.Release|Any CPU.Build.0 = Release|Any CPU
	EndGlobalSection
	GlobalSection(SolutionProperties) = preSolution
		HideSolutionNode = FALSE
	EndGlobalSection
	GlobalSection(ExtensibilityGlobals) = postSolution
		SolutionGuid = {8267E32E-CAF0-4C3F-8C7C-BC4CCA5CE925}
	EndGlobalSection
EndGlobal
